
Microsoft Visual Studio Solution File, Format Version 12.00
# Visual Studio Version 17
VisualStudioVersion = 17.4.33122.133
MinimumVisualStudioVersion = 10.0.40219.1
Project("{2150E333-8FDC-42A3-9474-1A3956D46DE8}") = "Tests", "Tests", "{5291D391-E267-4A4A-89A0-3263FE7D3781}"
EndProject
Project("{9A19103F-16F7-4668-BE54-9A1E7A4F7556}") = "Test", "Test\Test.csproj", "{B18F8C10-0838-452D-B4D2-47F44B3B498E}"
EndProject
Project("{9A19103F-16F7-4668-BE54-9A1E7A4F7556}") = "0.1 Serialization_Base_Json", "Serialization_Base_Json\0.1 Serialization_Base_Json.csproj", "{90D5645E-2144-4909-834A-8FC43914AE02}"
EndProject
Project("{9A19103F-16F7-4668-BE54-9A1E7A4F7556}") = "0.2 SerializationAndDeserialize_Indentation_Json", "Serialization_Indentation_Json\0.2 SerializationAndDeserialize_Indentation_Json.csproj", "{65348FE0-567D-4CAA-A294-FE2F8C2A9B8D}"
EndProject
Project("{9A19103F-16F7-4668-BE54-9A1E7A4F7556}") = "0.3 Deserialize_FromString_Json", "Deserialize_FromString_Json\0.3 Deserialize_FromString_Json.csproj", "{15B9CC4A-2860-4D60-A339-FC0D60E52DF8}"
EndProject
Project("{9A19103F-16F7-4668-BE54-9A1E7A4F7556}") = "0.3 SerializeAndDeserialize_FromFile_Json", "0.3 SerializeAndDeserialize_FromFile_Json\0.3 SerializeAndDeserialize_FromFile_Json.csproj", "{62D1DC2C-3859-4B42-A6CE-5D222991E69D}"
EndProject
Project("{9A19103F-16F7-4668-BE54-9A1E7A4F7556}") = "0.4 Working_lock", "Working_lock\0.4 Working_lock.csproj", "{4398A51E-B92F-46E5-ACF7-BE6BCB5BD2C6}"
EndProject
Project("{9A19103F-16F7-4668-BE54-9A1E7A4F7556}") = "0.5 Working_Mutex", "Working_Mutex\0.5 Working_Mutex.csproj", "{4F5CF417-3FFB-4E94-AF39-F0EB3DAAB58E}"
EndProject
Project("{9A19103F-16F7-4668-BE54-9A1E7A4F7556}") = "0.6 Working_Semaphore", "Working_Semaphore\0.6 Working_Semaphore.csproj", "{91CAF0F7-B4CE-4BB4-B793-C2F29B635452}"
EndProject
Project("{9A19103F-16F7-4668-BE54-9A1E7A4F7556}") = "0.7 Working_SemaphoreSlim", "Working_SemaphoreSlim\0.7 Working_SemaphoreSlim.csproj", "{B14E2E5F-1A1F-4A18-89B4-4FA2CD12D0B0}"
EndProject
Project("{9A19103F-16F7-4668-BE54-9A1E7A4F7556}") = "0.8 Working_AutoResetEvent", "Working_AutoResetEvent\0.8 Working_AutoResetEvent.csproj", "{ED5E8FC9-0F74-43F0-BB28-713F3554C874}"
EndProject
Project("{9A19103F-16F7-4668-BE54-9A1E7A4F7556}") = "0.9 Working_AutoResetEvent_TrafficLight", "Working_AutoResetEvent_TrafficLight\0.9 Working_AutoResetEvent_TrafficLight.csproj", "{87A3EFF1-6781-4BA4-BF39-D3BAB2B76892}"
EndProject
Project("{9A19103F-16F7-4668-BE54-9A1E7A4F7556}") = "1.0 Working_ManualResetEvent", "Working_ManualResetEvent\1.0 Working_ManualResetEvent.csproj", "{19274DFE-5BBA-4B24-9F85-E720579B8C2D}"
EndProject
Project("{9A19103F-16F7-4668-BE54-9A1E7A4F7556}") = "1.1 Working_ RegisterWaitForSingleObject_Timer", "Working_ RegisterWaitForSingleObject_Timer\1.1 Working_ RegisterWaitForSingleObject_Timer.csproj", "{B781E45E-793F-445B-866C-A294C814275C}"
EndProject
Project("{9A19103F-16F7-4668-BE54-9A1E7A4F7556}") = "1.2 Working_ RegisterWaitForSingleObject_Timer_2", "Working_ RegisterWaitForSingleObject_Timer_2\1.2 Working_ RegisterWaitForSingleObject_Timer_2.csproj", "{62294655-5D14-43C3-A239-548F8613C232}"
EndProject
Project("{9A19103F-16F7-4668-BE54-9A1E7A4F7556}") = "1.3 Working_EventWaitHandle", "Working_EventWaitHandle\1.3 Working_EventWaitHandle.csproj", "{C226A623-A91E-4359-928A-CD0D7A96BFEF}"
EndProject
Project("{FAE04EC0-301F-11D3-BF4B-00C04F79EFBC}") = "GettingADelegateInstance", "GettingADelegateInstance\GettingADelegateInstance.csproj", "{6F18A31A-323B-4A7B-954E-AE6AF6289936}"
EndProject
Global
	GlobalSection(SolutionConfigurationPlatforms) = preSolution
		Debug|Any CPU = Debug|Any CPU
		Release|Any CPU = Release|Any CPU
	EndGlobalSection
	GlobalSection(ProjectConfigurationPlatforms) = postSolution
		{B18F8C10-0838-452D-B4D2-47F44B3B498E}.Debug|Any CPU.ActiveCfg = Debug|Any CPU
		{B18F8C10-0838-452D-B4D2-47F44B3B498E}.Debug|Any CPU.Build.0 = Debug|Any CPU
		{B18F8C10-0838-452D-B4D2-47F44B3B498E}.Release|Any CPU.ActiveCfg = Release|Any CPU
		{B18F8C10-0838-452D-B4D2-47F44B3B498E}.Release|Any CPU.Build.0 = Release|Any CPU
		{90D5645E-2144-4909-834A-8FC43914AE02}.Debug|Any CPU.ActiveCfg = Debug|Any CPU
		{90D5645E-2144-4909-834A-8FC43914AE02}.Debug|Any CPU.Build.0 = Debug|Any CPU
		{90D5645E-2144-4909-834A-8FC43914AE02}.Release|Any CPU.ActiveCfg = Release|Any CPU
		{90D5645E-2144-4909-834A-8FC43914AE02}.Release|Any CPU.Build.0 = Release|Any CPU
		{65348FE0-567D-4CAA-A294-FE2F8C2A9B8D}.Debug|Any CPU.ActiveCfg = Debug|Any CPU
		{65348FE0-567D-4CAA-A294-FE2F8C2A9B8D}.Debug|Any CPU.Build.0 = Debug|Any CPU
		{65348FE0-567D-4CAA-A294-FE2F8C2A9B8D}.Release|Any CPU.ActiveCfg = Release|Any CPU
		{65348FE0-567D-4CAA-A294-FE2F8C2A9B8D}.Release|Any CPU.Build.0 = Release|Any CPU
		{15B9CC4A-2860-4D60-A339-FC0D60E52DF8}.Debug|Any CPU.ActiveCfg = Debug|Any CPU
		{15B9CC4A-2860-4D60-A339-FC0D60E52DF8}.Debug|Any CPU.Build.0 = Debug|Any CPU
		{15B9CC4A-2860-4D60-A339-FC0D60E52DF8}.Release|Any CPU.ActiveCfg = Release|Any CPU
		{15B9CC4A-2860-4D60-A339-FC0D60E52DF8}.Release|Any CPU.Build.0 = Release|Any CPU
		{62D1DC2C-3859-4B42-A6CE-5D222991E69D}.Debug|Any CPU.ActiveCfg = Debug|Any CPU
		{62D1DC2C-3859-4B42-A6CE-5D222991E69D}.Debug|Any CPU.Build.0 = Debug|Any CPU
		{62D1DC2C-3859-4B42-A6CE-5D222991E69D}.Release|Any CPU.ActiveCfg = Release|Any CPU
		{62D1DC2C-3859-4B42-A6CE-5D222991E69D}.Release|Any CPU.Build.0 = Release|Any CPU
		{4398A51E-B92F-46E5-ACF7-BE6BCB5BD2C6}.Debug|Any CPU.ActiveCfg = Debug|Any CPU
		{4398A51E-B92F-46E5-ACF7-BE6BCB5BD2C6}.Debug|Any CPU.Build.0 = Debug|Any CPU
		{4398A51E-B92F-46E5-ACF7-BE6BCB5BD2C6}.Release|Any CPU.ActiveCfg = Release|Any CPU
		{4398A51E-B92F-46E5-ACF7-BE6BCB5BD2C6}.Release|Any CPU.Build.0 = Release|Any CPU
		{4F5CF417-3FFB-4E94-AF39-F0EB3DAAB58E}.Debug|Any CPU.ActiveCfg = Debug|Any CPU
		{4F5CF417-3FFB-4E94-AF39-F0EB3DAAB58E}.Debug|Any CPU.Build.0 = Debug|Any CPU
		{4F5CF417-3FFB-4E94-AF39-F0EB3DAAB58E}.Release|Any CPU.ActiveCfg = Release|Any CPU
		{4F5CF417-3FFB-4E94-AF39-F0EB3DAAB58E}.Release|Any CPU.Build.0 = Release|Any CPU
		{91CAF0F7-B4CE-4BB4-B793-C2F29B635452}.Debug|Any CPU.ActiveCfg = Debug|Any CPU
		{91CAF0F7-B4CE-4BB4-B793-C2F29B635452}.Debug|Any CPU.Build.0 = Debug|Any CPU
		{91CAF0F7-B4CE-4BB4-B793-C2F29B635452}.Release|Any CPU.ActiveCfg = Release|Any CPU
		{91CAF0F7-B4CE-4BB4-B793-C2F29B635452}.Release|Any CPU.Build.0 = Release|Any CPU
		{B14E2E5F-1A1F-4A18-89B4-4FA2CD12D0B0}.Debug|Any CPU.ActiveCfg = Debug|Any CPU
		{B14E2E5F-1A1F-4A18-89B4-4FA2CD12D0B0}.Debug|Any CPU.Build.0 = Debug|Any CPU
		{B14E2E5F-1A1F-4A18-89B4-4FA2CD12D0B0}.Release|Any CPU.ActiveCfg = Release|Any CPU
		{B14E2E5F-1A1F-4A18-89B4-4FA2CD12D0B0}.Release|Any CPU.Build.0 = Release|Any CPU
		{ED5E8FC9-0F74-43F0-BB28-713F3554C874}.Debug|Any CPU.ActiveCfg = Debug|Any CPU
		{ED5E8FC9-0F74-43F0-BB28-713F3554C874}.Debug|Any CPU.Build.0 = Debug|Any CPU
		{ED5E8FC9-0F74-43F0-BB28-713F3554C874}.Release|Any CPU.ActiveCfg = Release|Any CPU
		{ED5E8FC9-0F74-43F0-BB28-713F3554C874}.Release|Any CPU.Build.0 = Release|Any CPU
		{87A3EFF1-6781-4BA4-BF39-D3BAB2B76892}.Debug|Any CPU.ActiveCfg = Debug|Any CPU
		{87A3EFF1-6781-4BA4-BF39-D3BAB2B76892}.Debug|Any CPU.Build.0 = Debug|Any CPU
		{87A3EFF1-6781-4BA4-BF39-D3BAB2B76892}.Release|Any CPU.ActiveCfg = Release|Any CPU
		{87A3EFF1-6781-4BA4-BF39-D3BAB2B76892}.Release|Any CPU.Build.0 = Release|Any CPU
		{19274DFE-5BBA-4B24-9F85-E720579B8C2D}.Debug|Any CPU.ActiveCfg = Debug|Any CPU
		{19274DFE-5BBA-4B24-9F85-E720579B8C2D}.Debug|Any CPU.Build.0 = Debug|Any CPU
		{19274DFE-5BBA-4B24-9F85-E720579B8C2D}.Release|Any CPU.ActiveCfg = Release|Any CPU
		{19274DFE-5BBA-4B24-9F85-E720579B8C2D}.Release|Any CPU.Build.0 = Release|Any CPU
		{B781E45E-793F-445B-866C-A294C814275C}.Debug|Any CPU.ActiveCfg = Debug|Any CPU
		{B781E45E-793F-445B-866C-A294C814275C}.Debug|Any CPU.Build.0 = Debug|Any CPU
		{B781E45E-793F-445B-866C-A294C814275C}.Release|Any CPU.ActiveCfg = Release|Any CPU
		{B781E45E-793F-445B-866C-A294C814275C}.Release|Any CPU.Build.0 = Release|Any CPU
		{62294655-5D14-43C3-A239-548F8613C232}.Debug|Any CPU.ActiveCfg = Debug|Any CPU
		{62294655-5D14-43C3-A239-548F8613C232}.Debug|Any CPU.Build.0 = Debug|Any CPU
		{62294655-5D14-43C3-A239-548F8613C232}.Release|Any CPU.ActiveCfg = Release|Any CPU
		{62294655-5D14-43C3-A239-548F8613C232}.Release|Any CPU.Build.0 = Release|Any CPU
		{C226A623-A91E-4359-928A-CD0D7A96BFEF}.Debug|Any CPU.ActiveCfg = Debug|Any CPU
		{C226A623-A91E-4359-928A-CD0D7A96BFEF}.Debug|Any CPU.Build.0 = Debug|Any CPU
		{C226A623-A91E-4359-928A-CD0D7A96BFEF}.Release|Any CPU.ActiveCfg = Release|Any CPU
		{C226A623-A91E-4359-928A-CD0D7A96BFEF}.Release|Any CPU.Build.0 = Release|Any CPU
		{6F18A31A-323B-4A7B-954E-AE6AF6289936}.Debug|Any CPU.ActiveCfg = Debug|Any CPU
		{6F18A31A-323B-4A7B-954E-AE6AF6289936}.Debug|Any CPU.Build.0 = Debug|Any CPU
		{6F18A31A-323B-4A7B-954E-AE6AF6289936}.Release|Any CPU.ActiveCfg = Release|Any CPU
		{6F18A31A-323B-4A7B-954E-AE6AF6289936}.Release|Any CPU.Build.0 = Release|Any CPU
	EndGlobalSection
	GlobalSection(SolutionProperties) = preSolution
		HideSolutionNode = FALSE
	EndGlobalSection
	GlobalSection(NestedProjects) = preSolution
		{B18F8C10-0838-452D-B4D2-47F44B3B498E} = {5291D391-E267-4A4A-89A0-3263FE7D3781}
	EndGlobalSection
	GlobalSection(ExtensibilityGlobals) = postSolution
		SolutionGuid = {39EDCF86-6472-49F5-972B-5E439F84123F}
	EndGlobalSection
EndGlobal
