
Microsoft Visual Studio Solution File, Format Version 12.00
# Visual Studio Version 17
VisualStudioVersion = 17.4.33122.133
MinimumVisualStudioVersion = 10.0.40219.1
Project("{2150E333-8FDC-42A3-9474-1A3956D46DE8}") = "Tests", "Tests", "{5291D391-E267-4A4A-89A0-3263FE7D3781}"
EndProject
Project("{9A19103F-16F7-4668-BE54-9A1E7A4F7556}") = "Test", "Test\Test.csproj", "{B18F8C10-0838-452D-B4D2-47F44B3B498E}"
EndProject
Project("{9A19103F-16F7-4668-BE54-9A1E7A4F7556}") = "0.1 Serialization_Base_Json", "Serialization_Base_Json\0.1 Serialization_Base_Json.csproj", "{90D5645E-2144-4909-834A-8FC43914AE02}"
EndProject
Project("{9A19103F-16F7-4668-BE54-9A1E7A4F7556}") = "0.2 SerializationAndDeserialize_Indentation_Json", "Serialization_Indentation_Json\0.2 SerializationAndDeserialize_Indentation_Json.csproj", "{65348FE0-567D-4CAA-A294-FE2F8C2A9B8D}"
EndProject
Project("{9A19103F-16F7-4668-BE54-9A1E7A4F7556}") = "0.3 Deserialize_FromString_Json", "Deserialize_FromString_Json\0.3 Deserialize_FromString_Json.csproj", "{15B9CC4A-2860-4D60-A339-FC0D60E52DF8}"
EndProject
Project("{9A19103F-16F7-4668-BE54-9A1E7A4F7556}") = "0.3 SerializeAndDeserialize_FromFile_Json", "0.3 SerializeAndDeserialize_FromFile_Json\0.3 SerializeAndDeserialize_FromFile_Json.csproj", "{62D1DC2C-3859-4B42-A6CE-5D222991E69D}"
EndProject
Project("{9A19103F-16F7-4668-BE54-9A1E7A4F7556}") = "0.4 Working_lock", "Working_lock\0.4 Working_lock.csproj", "{4398A51E-B92F-46E5-ACF7-BE6BCB5BD2C6}"
EndProject
Project("{FAE04EC0-301F-11D3-BF4B-00C04F79EFBC}") = "0.5 Working_Mutex", "Working_Mutex\0.5 Working_Mutex.csproj", "{4F5CF417-3FFB-4E94-AF39-F0EB3DAAB58E}"
EndProject
Global
	GlobalSection(SolutionConfigurationPlatforms) = preSolution
		Debug|Any CPU = Debug|Any CPU
		Release|Any CPU = Release|Any CPU
	EndGlobalSection
	GlobalSection(ProjectConfigurationPlatforms) = postSolution
		{B18F8C10-0838-452D-B4D2-47F44B3B498E}.Debug|Any CPU.ActiveCfg = Debug|Any CPU
		{B18F8C10-0838-452D-B4D2-47F44B3B498E}.Debug|Any CPU.Build.0 = Debug|Any CPU
		{B18F8C10-0838-452D-B4D2-47F44B3B498E}.Release|Any CPU.ActiveCfg = Release|Any CPU
		{B18F8C10-0838-452D-B4D2-47F44B3B498E}.Release|Any CPU.Build.0 = Release|Any CPU
		{90D5645E-2144-4909-834A-8FC43914AE02}.Debug|Any CPU.ActiveCfg = Debug|Any CPU
		{90D5645E-2144-4909-834A-8FC43914AE02}.Debug|Any CPU.Build.0 = Debug|Any CPU
		{90D5645E-2144-4909-834A-8FC43914AE02}.Release|Any CPU.ActiveCfg = Release|Any CPU
		{90D5645E-2144-4909-834A-8FC43914AE02}.Release|Any CPU.Build.0 = Release|Any CPU
		{65348FE0-567D-4CAA-A294-FE2F8C2A9B8D}.Debug|Any CPU.ActiveCfg = Debug|Any CPU
		{65348FE0-567D-4CAA-A294-FE2F8C2A9B8D}.Debug|Any CPU.Build.0 = Debug|Any CPU
		{65348FE0-567D-4CAA-A294-FE2F8C2A9B8D}.Release|Any CPU.ActiveCfg = Release|Any CPU
		{65348FE0-567D-4CAA-A294-FE2F8C2A9B8D}.Release|Any CPU.Build.0 = Release|Any CPU
		{15B9CC4A-2860-4D60-A339-FC0D60E52DF8}.Debug|Any CPU.ActiveCfg = Debug|Any CPU
		{15B9CC4A-2860-4D60-A339-FC0D60E52DF8}.Debug|Any CPU.Build.0 = Debug|Any CPU
		{15B9CC4A-2860-4D60-A339-FC0D60E52DF8}.Release|Any CPU.ActiveCfg = Release|Any CPU
		{15B9CC4A-2860-4D60-A339-FC0D60E52DF8}.Release|Any CPU.Build.0 = Release|Any CPU
		{62D1DC2C-3859-4B42-A6CE-5D222991E69D}.Debug|Any CPU.ActiveCfg = Debug|Any CPU
		{62D1DC2C-3859-4B42-A6CE-5D222991E69D}.Debug|Any CPU.Build.0 = Debug|Any CPU
		{62D1DC2C-3859-4B42-A6CE-5D222991E69D}.Release|Any CPU.ActiveCfg = Release|Any CPU
		{62D1DC2C-3859-4B42-A6CE-5D222991E69D}.Release|Any CPU.Build.0 = Release|Any CPU
		{4398A51E-B92F-46E5-ACF7-BE6BCB5BD2C6}.Debug|Any CPU.ActiveCfg = Debug|Any CPU
		{4398A51E-B92F-46E5-ACF7-BE6BCB5BD2C6}.Debug|Any CPU.Build.0 = Debug|Any CPU
		{4398A51E-B92F-46E5-ACF7-BE6BCB5BD2C6}.Release|Any CPU.ActiveCfg = Release|Any CPU
		{4398A51E-B92F-46E5-ACF7-BE6BCB5BD2C6}.Release|Any CPU.Build.0 = Release|Any CPU
		{4F5CF417-3FFB-4E94-AF39-F0EB3DAAB58E}.Debug|Any CPU.ActiveCfg = Debug|Any CPU
		{4F5CF417-3FFB-4E94-AF39-F0EB3DAAB58E}.Debug|Any CPU.Build.0 = Debug|Any CPU
		{4F5CF417-3FFB-4E94-AF39-F0EB3DAAB58E}.Release|Any CPU.ActiveCfg = Release|Any CPU
		{4F5CF417-3FFB-4E94-AF39-F0EB3DAAB58E}.Release|Any CPU.Build.0 = Release|Any CPU
	EndGlobalSection
	GlobalSection(SolutionProperties) = preSolution
		HideSolutionNode = FALSE
	EndGlobalSection
	GlobalSection(NestedProjects) = preSolution
		{B18F8C10-0838-452D-B4D2-47F44B3B498E} = {5291D391-E267-4A4A-89A0-3263FE7D3781}
	EndGlobalSection
	GlobalSection(ExtensibilityGlobals) = postSolution
		SolutionGuid = {39EDCF86-6472-49F5-972B-5E439F84123F}
	EndGlobalSection
EndGlobal
